
Microsoft Visual Studio Solution File, Format Version 12.00
# Visual Studio 15
VisualStudioVersion = 15.0.28307.539
MinimumVisualStudioVersion = 10.0.40219.1
Project("{FAE04EC0-301F-11D3-BF4B-00C04F79EFBC}") = "InsiteTeamTask", "InsiteTeamTask\InsiteTeamTask.csproj", "{21ADB46E-89E9-4424-9C1D-78BC0968BA37}"
EndProject
Project("{FAE04EC0-301F-11D3-BF4B-00C04F79EFBC}") = "InsiteTeamTask.Tests", "InsiteTeamTask.Tests\InsiteTeamTask.Tests.csproj", "{761B9D68-0962-4E2C-9C95-DBFE6F897CDB}"
EndProject
Global
	GlobalSection(SolutionConfigurationPlatforms) = preSolution
		Debug|Any CPU = Debug|Any CPU
		Release|Any CPU = Release|Any CPU
	EndGlobalSection
	GlobalSection(ProjectConfigurationPlatforms) = postSolution
		{21ADB46E-89E9-4424-9C1D-78BC0968BA37}.Debug|Any CPU.ActiveCfg = Debug|Any CPU
		{21ADB46E-89E9-4424-9C1D-78BC0968BA37}.Debug|Any CPU.Build.0 = Debug|Any CPU
		{21ADB46E-89E9-4424-9C1D-78BC0968BA37}.Release|Any CPU.ActiveCfg = Release|Any CPU
		{21ADB46E-89E9-4424-9C1D-78BC0968BA37}.Release|Any CPU.Build.0 = Release|Any CPU
		{761B9D68-0962-4E2C-9C95-DBFE6F897CDB}.Debug|Any CPU.ActiveCfg = Debug|Any CPU
		{761B9D68-0962-4E2C-9C95-DBFE6F897CDB}.Debug|Any CPU.Build.0 = Debug|Any CPU
		{761B9D68-0962-4E2C-9C95-DBFE6F897CDB}.Release|Any CPU.ActiveCfg = Release|Any CPU
		{761B9D68-0962-4E2C-9C95-DBFE6F897CDB}.Release|Any CPU.Build.0 = Release|Any CPU
	EndGlobalSection
	GlobalSection(SolutionProperties) = preSolution
		HideSolutionNode = FALSE
	EndGlobalSection
	GlobalSection(ExtensibilityGlobals) = postSolution
		SolutionGuid = {568B9D24-2D1B-4AAB-BDB9-01EA5F45F6F1}
	EndGlobalSection
EndGlobal
